
Microsoft Visual Studio Solution File, Format Version 12.00
# Visual Studio Version 17
VisualStudioVersion = 17.0.32014.148
MinimumVisualStudioVersion = 10.0.40219.1
Project("{9A19103F-16F7-4668-BE54-9A1E7A4F7556}") = "CardKartShared", "Shared\CardKartShared.csproj", "{4470496B-F9FD-4002-8EBF-9B02430B874E}"
EndProject
Project("{9A19103F-16F7-4668-BE54-9A1E7A4F7556}") = "CardKartClient", "CardKartClient\CardKartClient.csproj", "{FED4C8A7-D1C2-49F4-974B-117E8B539293}"
EndProject
Project("{FAE04EC0-301F-11D3-BF4B-00C04F79EFBC}") = "CardKartTests", "CardKartTests\CardKartTests.csproj", "{1BADCF03-3451-4251-A4F9-F4BB992789D9}"
EndProject
Project("{FAE04EC0-301F-11D3-BF4B-00C04F79EFBC}") = "CardKartServer", "CardKartServer\CardKartServer.csproj", "{0E8C1C7E-9725-4001-BE3C-5E0889C3B5EC}"
EndProject
Global
	GlobalSection(SolutionConfigurationPlatforms) = preSolution
		Debug|Any CPU = Debug|Any CPU
		Release|Any CPU = Release|Any CPU
	EndGlobalSection
	GlobalSection(ProjectConfigurationPlatforms) = postSolution
		{4470496B-F9FD-4002-8EBF-9B02430B874E}.Debug|Any CPU.ActiveCfg = Debug|Any CPU
		{4470496B-F9FD-4002-8EBF-9B02430B874E}.Debug|Any CPU.Build.0 = Debug|Any CPU
		{4470496B-F9FD-4002-8EBF-9B02430B874E}.Release|Any CPU.ActiveCfg = Release|Any CPU
		{4470496B-F9FD-4002-8EBF-9B02430B874E}.Release|Any CPU.Build.0 = Release|Any CPU
		{FED4C8A7-D1C2-49F4-974B-117E8B539293}.Debug|Any CPU.ActiveCfg = Debug|Any CPU
		{FED4C8A7-D1C2-49F4-974B-117E8B539293}.Debug|Any CPU.Build.0 = Debug|Any CPU
		{FED4C8A7-D1C2-49F4-974B-117E8B539293}.Release|Any CPU.ActiveCfg = Release|Any CPU
		{FED4C8A7-D1C2-49F4-974B-117E8B539293}.Release|Any CPU.Build.0 = Release|Any CPU
		{1BADCF03-3451-4251-A4F9-F4BB992789D9}.Debug|Any CPU.ActiveCfg = Debug|Any CPU
		{1BADCF03-3451-4251-A4F9-F4BB992789D9}.Debug|Any CPU.Build.0 = Debug|Any CPU
		{1BADCF03-3451-4251-A4F9-F4BB992789D9}.Release|Any CPU.ActiveCfg = Release|Any CPU
		{1BADCF03-3451-4251-A4F9-F4BB992789D9}.Release|Any CPU.Build.0 = Release|Any CPU
		{0E8C1C7E-9725-4001-BE3C-5E0889C3B5EC}.Debug|Any CPU.ActiveCfg = Debug|Any CPU
		{0E8C1C7E-9725-4001-BE3C-5E0889C3B5EC}.Debug|Any CPU.Build.0 = Debug|Any CPU
		{0E8C1C7E-9725-4001-BE3C-5E0889C3B5EC}.Release|Any CPU.ActiveCfg = Release|Any CPU
		{0E8C1C7E-9725-4001-BE3C-5E0889C3B5EC}.Release|Any CPU.Build.0 = Release|Any CPU
	EndGlobalSection
	GlobalSection(SolutionProperties) = preSolution
		HideSolutionNode = FALSE
	EndGlobalSection
	GlobalSection(ExtensibilityGlobals) = postSolution
		SolutionGuid = {4B943380-CC17-4DC8-A42E-4421824FB70E}
	EndGlobalSection
EndGlobal
